// !$*UTF8*$!
{
	archiveVersion = 1;
	classes = {
	};
	objectVersion = 55;
	objects = {

/* Begin PBXBuildFile section */
		FE4B613F2887DE780046CAA7 /* MyAuthorsSwiftUI_APIApp.swift in Sources */ = {isa = PBXBuildFile; fileRef = FE4B613E2887DE780046CAA7 /* MyAuthorsSwiftUI_APIApp.swift */; };
		FE4B61412887DE780046CAA7 /* ContentView.swift in Sources */ = {isa = PBXBuildFile; fileRef = FE4B61402887DE780046CAA7 /* ContentView.swift */; };
		FE4B61432887DE7A0046CAA7 /* Assets.xcassets in Resources */ = {isa = PBXBuildFile; fileRef = FE4B61422887DE7A0046CAA7 /* Assets.xcassets */; };
		FE4B61462887DE7A0046CAA7 /* Preview Assets.xcassets in Resources */ = {isa = PBXBuildFile; fileRef = FE4B61452887DE7A0046CAA7 /* Preview Assets.xcassets */; };
		FE4B614D2887E20A0046CAA7 /* Author.swift in Sources */ = {isa = PBXBuildFile; fileRef = FE4B614C2887E20A0046CAA7 /* Author.swift */; };
		FE4B614F2887E7F10046CAA7 /* AuthorsViewModel.swift in Sources */ = {isa = PBXBuildFile; fileRef = FE4B614E2887E7F10046CAA7 /* AuthorsViewModel.swift */; };
		FE4B61512887ECF40046CAA7 /* BooksContentView.swift in Sources */ = {isa = PBXBuildFile; fileRef = FE4B61502887ECF40046CAA7 /* BooksContentView.swift */; };
		FE4B61532887ED9E0046CAA7 /* BooksViewModel.swift in Sources */ = {isa = PBXBuildFile; fileRef = FE4B61522887ED9E0046CAA7 /* BooksViewModel.swift */; };
		FE4B615C2887F6E00046CAA7 /* ImageData.swift in Sources */ = {isa = PBXBuildFile; fileRef = FE4B615B2887F6E00046CAA7 /* ImageData.swift */; };
/* End PBXBuildFile section */

/* Begin PBXFileReference section */
		FE4B613B2887DE780046CAA7 /* MyAuthorsSwiftUI-API.app */ = {isa = PBXFileReference; explicitFileType = wrapper.application; includeInIndex = 0; path = "MyAuthorsSwiftUI-API.app"; sourceTree = BUILT_PRODUCTS_DIR; };
		FE4B613E2887DE780046CAA7 /* MyAuthorsSwiftUI_APIApp.swift */ = {isa = PBXFileReference; lastKnownFileType = sourcecode.swift; path = MyAuthorsSwiftUI_APIApp.swift; sourceTree = "<group>"; };
		FE4B61402887DE780046CAA7 /* ContentView.swift */ = {isa = PBXFileReference; lastKnownFileType = sourcecode.swift; path = ContentView.swift; sourceTree = "<group>"; };
		FE4B61422887DE7A0046CAA7 /* Assets.xcassets */ = {isa = PBXFileReference; lastKnownFileType = folder.assetcatalog; path = Assets.xcassets; sourceTree = "<group>"; };
		FE4B61452887DE7A0046CAA7 /* Preview Assets.xcassets */ = {isa = PBXFileReference; lastKnownFileType = folder.assetcatalog; path = "Preview Assets.xcassets"; sourceTree = "<group>"; };
		FE4B614C2887E20A0046CAA7 /* Author.swift */ = {isa = PBXFileReference; fileEncoding = 4; lastKnownFileType = sourcecode.swift; path = Author.swift; sourceTree = "<group>"; };
		FE4B614E2887E7F10046CAA7 /* AuthorsViewModel.swift */ = {isa = PBXFileReference; lastKnownFileType = sourcecode.swift; path = AuthorsViewModel.swift; sourceTree = "<group>"; };
		FE4B61502887ECF40046CAA7 /* BooksContentView.swift */ = {isa = PBXFileReference; lastKnownFileType = sourcecode.swift; path = BooksContentView.swift; sourceTree = "<group>"; };
		FE4B61522887ED9E0046CAA7 /* BooksViewModel.swift */ = {isa = PBXFileReference; lastKnownFileType = sourcecode.swift; path = BooksViewModel.swift; sourceTree = "<group>"; };
		FE4B61562887F4130046CAA7 /* Info.plist */ = {isa = PBXFileReference; lastKnownFileType = text.plist; path = Info.plist; sourceTree = "<group>"; };
		FE4B615B2887F6E00046CAA7 /* ImageData.swift */ = {isa = PBXFileReference; lastKnownFileType = sourcecode.swift; path = ImageData.swift; sourceTree = "<group>"; };
/* End PBXFileReference section */

/* Begin PBXFrameworksBuildPhase section */
		FE4B61382887DE780046CAA7 /* Frameworks */ = {
			isa = PBXFrameworksBuildPhase;
			buildActionMask = 2147483647;
			files = (
			);
			runOnlyForDeploymentPostprocessing = 0;
		};
/* End PBXFrameworksBuildPhase section */

/* Begin PBXGroup section */
		FE4B61322887DE770046CAA7 = {
			isa = PBXGroup;
			children = (
				FE4B613D2887DE780046CAA7 /* MyAuthorsSwiftUI-API */,
				FE4B613C2887DE780046CAA7 /* Products */,
			);
			sourceTree = "<group>";
		};
		FE4B613C2887DE780046CAA7 /* Products */ = {
			isa = PBXGroup;
			children = (
				FE4B613B2887DE780046CAA7 /* MyAuthorsSwiftUI-API.app */,
			);
			name = Products;
			sourceTree = "<group>";
		};
		FE4B613D2887DE780046CAA7 /* MyAuthorsSwiftUI-API */ = {
			isa = PBXGroup;
			children = (
				FE4B61562887F4130046CAA7 /* Info.plist */,
				FE4B61572887F62A0046CAA7 /* Model */,
				FE4B61582887F6310046CAA7 /* View */,
				FE4B61592887F6360046CAA7 /* ViewModel */,
				FE4B615A2887F6B90046CAA7 /* Services */,
				FE4B61422887DE7A0046CAA7 /* Assets.xcassets */,
				FE4B61442887DE7A0046CAA7 /* Preview Content */,
			);
			path = "MyAuthorsSwiftUI-API";
			sourceTree = "<group>";
		};
		FE4B61442887DE7A0046CAA7 /* Preview Content */ = {
			isa = PBXGroup;
			children = (
				FE4B61452887DE7A0046CAA7 /* Preview Assets.xcassets */,
			);
			path = "Preview Content";
			sourceTree = "<group>";
		};
		FE4B61572887F62A0046CAA7 /* Model */ = {
			isa = PBXGroup;
			children = (
				FE4B614C2887E20A0046CAA7 /* Author.swift */,
			);
			path = Model;
			sourceTree = "<group>";
		};
		FE4B61582887F6310046CAA7 /* View */ = {
			isa = PBXGroup;
			children = (
				FE4B613E2887DE780046CAA7 /* MyAuthorsSwiftUI_APIApp.swift */,
				FE4B61402887DE780046CAA7 /* ContentView.swift */,
				FE4B61502887ECF40046CAA7 /* BooksContentView.swift */,
			);
			path = View;
			sourceTree = "<group>";
		};
		FE4B61592887F6360046CAA7 /* ViewModel */ = {
			isa = PBXGroup;
			children = (
				FE4B614E2887E7F10046CAA7 /* AuthorsViewModel.swift */,
				FE4B61522887ED9E0046CAA7 /* BooksViewModel.swift */,
			);
			path = ViewModel;
			sourceTree = "<group>";
		};
		FE4B615A2887F6B90046CAA7 /* Services */ = {
			isa = PBXGroup;
			children = (
				FE4B615B2887F6E00046CAA7 /* ImageData.swift */,
			);
			path = Services;
			sourceTree = "<group>";
		};
/* End PBXGroup section */

/* Begin PBXNativeTarget section */
		FE4B613A2887DE780046CAA7 /* MyAuthorsSwiftUI-API */ = {
			isa = PBXNativeTarget;
			buildConfigurationList = FE4B61492887DE7A0046CAA7 /* Build configuration list for PBXNativeTarget "MyAuthorsSwiftUI-API" */;
			buildPhases = (
				FE4B61372887DE780046CAA7 /* Sources */,
				FE4B61382887DE780046CAA7 /* Frameworks */,
				FE4B61392887DE780046CAA7 /* Resources */,
			);
			buildRules = (
			);
			dependencies = (
			);
			name = "MyAuthorsSwiftUI-API";
			productName = "MyAuthorsSwiftUI-API";
			productReference = FE4B613B2887DE780046CAA7 /* MyAuthorsSwiftUI-API.app */;
			productType = "com.apple.product-type.application";
		};
/* End PBXNativeTarget section */

/* Begin PBXProject section */
		FE4B61332887DE770046CAA7 /* Project object */ = {
			isa = PBXProject;
			attributes = {
				BuildIndependentTargetsInParallel = 1;
				LastSwiftUpdateCheck = 1340;
				LastUpgradeCheck = 1340;
				TargetAttributes = {
					FE4B613A2887DE780046CAA7 = {
						CreatedOnToolsVersion = 13.4.1;
					};
				};
			};
			buildConfigurationList = FE4B61362887DE770046CAA7 /* Build configuration list for PBXProject "MyAuthorsSwiftUI-API" */;
			compatibilityVersion = "Xcode 13.0";
			developmentRegion = en;
			hasScannedForEncodings = 0;
			knownRegions = (
				en,
				Base,
			);
			mainGroup = FE4B61322887DE770046CAA7;
			productRefGroup = FE4B613C2887DE780046CAA7 /* Products */;
			projectDirPath = "";
			projectRoot = "";
			targets = (
				FE4B613A2887DE780046CAA7 /* MyAuthorsSwiftUI-API */,
			);
		};
/* End PBXProject section */

/* Begin PBXResourcesBuildPhase section */
		FE4B61392887DE780046CAA7 /* Resources */ = {
			isa = PBXResourcesBuildPhase;
			buildActionMask = 2147483647;
			files = (
				FE4B61462887DE7A0046CAA7 /* Preview Assets.xcassets in Resources */,
				FE4B61432887DE7A0046CAA7 /* Assets.xcassets in Resources */,
			);
			runOnlyForDeploymentPostprocessing = 0;
		};
/* End PBXResourcesBuildPhase section */

/* Begin PBXSourcesBuildPhase section */
		FE4B61372887DE780046CAA7 /* Sources */ = {
			isa = PBXSourcesBuildPhase;
			buildActionMask = 2147483647;
			files = (
				FE4B61512887ECF40046CAA7 /* BooksContentView.swift in Sources */,
				FE4B61532887ED9E0046CAA7 /* BooksViewModel.swift in Sources */,
				FE4B614D2887E20A0046CAA7 /* Author.swift in Sources */,
				FE4B61412887DE780046CAA7 /* ContentView.swift in Sources */,
				FE4B613F2887DE780046CAA7 /* MyAuthorsSwiftUI_APIApp.swift in Sources */,
				FE4B614F2887E7F10046CAA7 /* AuthorsViewModel.swift in Sources */,
				FE4B615C2887F6E00046CAA7 /* ImageData.swift in Sources */,
			);
			runOnlyForDeploymentPostprocessing = 0;
		};
/* End PBXSourcesBuildPhase section */

/* Begin XCBuildConfiguration section */
		FE4B61472887DE7A0046CAA7 /* Debug */ = {
			isa = XCBuildConfiguration;
			buildSettings = {
				ALWAYS_SEARCH_USER_PATHS = NO;
				CLANG_ANALYZER_NONNULL = YES;
				CLANG_ANALYZER_NUMBER_OBJECT_CONVERSION = YES_AGGRESSIVE;
				CLANG_CXX_LANGUAGE_STANDARD = "gnu++17";
				CLANG_ENABLE_MODULES = YES;
				CLANG_ENABLE_OBJC_ARC = YES;
				CLANG_ENABLE_OBJC_WEAK = YES;
				CLANG_WARN_BLOCK_CAPTURE_AUTORELEASING = YES;
				CLANG_WARN_BOOL_CONVERSION = YES;
				CLANG_WARN_COMMA = YES;
				CLANG_WARN_CONSTANT_CONVERSION = YES;
				CLANG_WARN_DEPRECATED_OBJC_IMPLEMENTATIONS = YES;
				CLANG_WARN_DIRECT_OBJC_ISA_USAGE = YES_ERROR;
				CLANG_WARN_DOCUMENTATION_COMMENTS = YES;
				CLANG_WARN_EMPTY_BODY = YES;
				CLANG_WARN_ENUM_CONVERSION = YES;
				CLANG_WARN_INFINITE_RECURSION = YES;
				CLANG_WARN_INT_CONVERSION = YES;
				CLANG_WARN_NON_LITERAL_NULL_CONVERSION = YES;
				CLANG_WARN_OBJC_IMPLICIT_RETAIN_SELF = YES;
				CLANG_WARN_OBJC_LITERAL_CONVERSION = YES;
				CLANG_WARN_OBJC_ROOT_CLASS = YES_ERROR;
				CLANG_WARN_QUOTED_INCLUDE_IN_FRAMEWORK_HEADER = YES;
				CLANG_WARN_RANGE_LOOP_ANALYSIS = YES;
				CLANG_WARN_STRICT_PROTOTYPES = YES;
				CLANG_WARN_SUSPICIOUS_MOVE = YES;
				CLANG_WARN_UNGUARDED_AVAILABILITY = YES_AGGRESSIVE;
				CLANG_WARN_UNREACHABLE_CODE = YES;
				CLANG_WARN__DUPLICATE_METHOD_MATCH = YES;
				COPY_PHASE_STRIP = NO;
				DEBUG_INFORMATION_FORMAT = dwarf;
				ENABLE_STRICT_OBJC_MSGSEND = YES;
				ENABLE_TESTABILITY = YES;
				GCC_C_LANGUAGE_STANDARD = gnu11;
				GCC_DYNAMIC_NO_PIC = NO;
				GCC_NO_COMMON_BLOCKS = YES;
				GCC_OPTIMIZATION_LEVEL = 0;
				GCC_PREPROCESSOR_DEFINITIONS = (
					"DEBUG=1",
					"$(inherited)",
				);
				GCC_WARN_64_TO_32_BIT_CONVERSION = YES;
				GCC_WARN_ABOUT_RETURN_TYPE = YES_ERROR;
				GCC_WARN_UNDECLARED_SELECTOR = YES;
				GCC_WARN_UNINITIALIZED_AUTOS = YES_AGGRESSIVE;
				GCC_WARN_UNUSED_FUNCTION = YES;
				GCC_WARN_UNUSED_VARIABLE = YES;
				IPHONEOS_DEPLOYMENT_TARGET = 15.5;
				MTL_ENABLE_DEBUG_INFO = INCLUDE_SOURCE;
				MTL_FAST_MATH = YES;
				ONLY_ACTIVE_ARCH = YES;
				SDKROOT = iphoneos;
				SWIFT_ACTIVE_COMPILATION_CONDITIONS = DEBUG;
				SWIFT_OPTIMIZATION_LEVEL = "-Onone";
			};
			name = Debug;
		};
		FE4B61482887DE7A0046CAA7 /* Release */ = {
			isa = XCBuildConfiguration;
			buildSettings = {
				ALWAYS_SEARCH_USER_PATHS = NO;
				CLANG_ANALYZER_NONNULL = YES;
				CLANG_ANALYZER_NUMBER_OBJECT_CONVERSION = YES_AGGRESSIVE;
				CLANG_CXX_LANGUAGE_STANDARD = "gnu++17";
				CLANG_ENABLE_MODULES = YES;
				CLANG_ENABLE_OBJC_ARC = YES;
				CLANG_ENABLE_OBJC_WEAK = YES;
				CLANG_WARN_BLOCK_CAPTURE_AUTORELEASING = YES;
				CLANG_WARN_BOOL_CONVERSION = YES;
				CLANG_WARN_COMMA = YES;
				CLANG_WARN_CONSTANT_CONVERSION = YES;
				CLANG_WARN_DEPRECATED_OBJC_IMPLEMENTATIONS = YES;
				CLANG_WARN_DIRECT_OBJC_ISA_USAGE = YES_ERROR;
				CLANG_WARN_DOCUMENTATION_COMMENTS = YES;
				CLANG_WARN_EMPTY_BODY = YES;
				CLANG_WARN_ENUM_CONVERSION = YES;
				CLANG_WARN_INFINITE_RECURSION = YES;
				CLANG_WARN_INT_CONVERSION = YES;
				CLANG_WARN_NON_LITERAL_NULL_CONVERSION = YES;
				CLANG_WARN_OBJC_IMPLICIT_RETAIN_SELF = YES;
				CLANG_WARN_OBJC_LITERAL_CONVERSION = YES;
				CLANG_WARN_OBJC_ROOT_CLASS = YES_ERROR;
				CLANG_WARN_QUOTED_INCLUDE_IN_FRAMEWORK_HEADER = YES;
				CLANG_WARN_RANGE_LOOP_ANALYSIS = YES;
				CLANG_WARN_STRICT_PROTOTYPES = YES;
				CLANG_WARN_SUSPICIOUS_MOVE = YES;
				CLANG_WARN_UNGUARDED_AVAILABILITY = YES_AGGRESSIVE;
				CLANG_WARN_UNREACHABLE_CODE = YES;
				CLANG_WARN__DUPLICATE_METHOD_MATCH = YES;
				COPY_PHASE_STRIP = NO;
				DEBUG_INFORMATION_FORMAT = "dwarf-with-dsym";
				ENABLE_NS_ASSERTIONS = NO;
				ENABLE_STRICT_OBJC_MSGSEND = YES;
				GCC_C_LANGUAGE_STANDARD = gnu11;
				GCC_NO_COMMON_BLOCKS = YES;
				GCC_WARN_64_TO_32_BIT_CONVERSION = YES;
				GCC_WARN_ABOUT_RETURN_TYPE = YES_ERROR;
				GCC_WARN_UNDECLARED_SELECTOR = YES;
				GCC_WARN_UNINITIALIZED_AUTOS = YES_AGGRESSIVE;
				GCC_WARN_UNUSED_FUNCTION = YES;
				GCC_WARN_UNUSED_VARIABLE = YES;
				IPHONEOS_DEPLOYMENT_TARGET = 15.5;
				MTL_ENABLE_DEBUG_INFO = NO;
				MTL_FAST_MATH = YES;
				SDKROOT = iphoneos;
				SWIFT_COMPILATION_MODE = wholemodule;
				SWIFT_OPTIMIZATION_LEVEL = "-O";
				VALIDATE_PRODUCT = YES;
			};
			name = Release;
		};
		FE4B614A2887DE7A0046CAA7 /* Debug */ = {
			isa = XCBuildConfiguration;
			buildSettings = {
				ASSETCATALOG_COMPILER_APPICON_NAME = AppIcon;
				ASSETCATALOG_COMPILER_GLOBAL_ACCENT_COLOR_NAME = AccentColor;
				CODE_SIGN_STYLE = Automatic;
				CURRENT_PROJECT_VERSION = 1;
				DEVELOPMENT_ASSET_PATHS = "\"MyAuthorsSwiftUI-API/Preview Content\"";
				ENABLE_PREVIEWS = YES;
				GENERATE_INFOPLIST_FILE = YES;
				INFOPLIST_FILE = "MyAuthorsSwiftUI-API/Info.plist";
				INFOPLIST_KEY_UIApplicationSceneManifest_Generation = YES;
				INFOPLIST_KEY_UIApplicationSupportsIndirectInputEvents = YES;
				INFOPLIST_KEY_UILaunchScreen_Generation = YES;
				INFOPLIST_KEY_UISupportedInterfaceOrientations_iPad = "UIInterfaceOrientationPortrait UIInterfaceOrientationPortraitUpsideDown UIInterfaceOrientationLandscapeLeft UIInterfaceOrientationLandscapeRight";
				INFOPLIST_KEY_UISupportedInterfaceOrientations_iPhone = "UIInterfaceOrientationPortrait UIInterfaceOrientationLandscapeLeft UIInterfaceOrientationLandscapeRight";
				LD_RUNPATH_SEARCH_PATHS = (
					"$(inherited)",
					"@executable_path/Frameworks",
				);
				MARKETING_VERSION = 1.0;
				PRODUCT_BUNDLE_IDENTIFIER = "pdelac.MyAuthorsSwiftUI-API";
				PRODUCT_NAME = "$(TARGET_NAME)";
				SWIFT_EMIT_LOC_STRINGS = YES;
				SWIFT_VERSION = 5.0;
				TARGETED_DEVICE_FAMILY = "1,2";
			};
			name = Debug;
		};
		FE4B614B2887DE7A0046CAA7 /* Release */ = {
			isa = XCBuildConfiguration;
			buildSettings = {
				ASSETCATALOG_COMPILER_APPICON_NAME = AppIcon;
				ASSETCATALOG_COMPILER_GLOBAL_ACCENT_COLOR_NAME = AccentColor;
				CODE_SIGN_STYLE = Automatic;
				CURRENT_PROJECT_VERSION = 1;
				DEVELOPMENT_ASSET_PATHS = "\"MyAuthorsSwiftUI-API/Preview Content\"";
				ENABLE_PREVIEWS = YES;
				GENERATE_INFOPLIST_FILE = YES;
				INFOPLIST_FILE = "MyAuthorsSwiftUI-API/Info.plist";
				INFOPLIST_KEY_UIApplicationSceneManifest_Generation = YES;
				INFOPLIST_KEY_UIApplicationSupportsIndirectInputEvents = YES;
				INFOPLIST_KEY_UILaunchScreen_Generation = YES;
				INFOPLIST_KEY_UISupportedInterfaceOrientations_iPad = "UIInterfaceOrientationPortrait UIInterfaceOrientationPortraitUpsideDown UIInterfaceOrientationLandscapeLeft UIInterfaceOrientationLandscapeRight";
				INFOPLIST_KEY_UISupportedInterfaceOrientations_iPhone = "UIInterfaceOrientationPortrait UIInterfaceOrientationLandscapeLeft UIInterfaceOrientationLandscapeRight";
				LD_RUNPATH_SEARCH_PATHS = (
					"$(inherited)",
					"@executable_path/Frameworks",
				);
				MARKETING_VERSION = 1.0;
				PRODUCT_BUNDLE_IDENTIFIER = "pdelac.MyAuthorsSwiftUI-API";
				PRODUCT_NAME = "$(TARGET_NAME)";
				SWIFT_EMIT_LOC_STRINGS = YES;
				SWIFT_VERSION = 5.0;
				TARGETED_DEVICE_FAMILY = "1,2";
			};
			name = Release;
		};
/* End XCBuildConfiguration section */

/* Begin XCConfigurationList section */
		FE4B61362887DE770046CAA7 /* Build configuration list for PBXProject "MyAuthorsSwiftUI-API" */ = {
			isa = XCConfigurationList;
			buildConfigurations = (
				FE4B61472887DE7A0046CAA7 /* Debug */,
				FE4B61482887DE7A0046CAA7 /* Release */,
			);
			defaultConfigurationIsVisible = 0;
			defaultConfigurationName = Release;
		};
		FE4B61492887DE7A0046CAA7 /* Build configuration list for PBXNativeTarget "MyAuthorsSwiftUI-API" */ = {
			isa = XCConfigurationList;
			buildConfigurations = (
				FE4B614A2887DE7A0046CAA7 /* Debug */,
				FE4B614B2887DE7A0046CAA7 /* Release */,
			);
			defaultConfigurationIsVisible = 0;
			defaultConfigurationName = Release;
		};
/* End XCConfigurationList section */
	};
	rootObject = FE4B61332887DE770046CAA7 /* Project object */;
}
